<?xml version="1.0" encoding="utf-8"?>
<Project ToolsVersion="4.0" xmlns="http://schemas.microsoft.com/developer/msbuild/2003">
  <ItemGroup>
    <Filter Include="Form Files">
      <UniqueIdentifier>{99349809-55BA-4b9d-BF79-8FDBB0286EB3}</UniqueIdentifier>
      <Extensions>ui</Extensions>
      <ParseFiles>false</ParseFiles>
    </Filter>
    <Filter Include="Form Files">
      <UniqueIdentifier>{99349809-55BA-4b9d-BF79-8FDBB0286EB3}</UniqueIdentifier>
      <Extensions>ui</Extensions>
      <ParseFiles>false</ParseFiles>
    </Filter>
    <Filter Include="Generated Files">
      <UniqueIdentifier>{71ED8ED8-ACB9-4CE9-BBE1-E00B30144E11}</UniqueIdentifier>
      <Extensions>cpp;c;cxx;moc;h;def;odl;idl;res;</Extensions>
    </Filter>
    <Filter Include="Generated Files">
      <UniqueIdentifier>{71ED8ED8-ACB9-4CE9-BBE1-E00B30144E11}</UniqueIdentifier>
      <Extensions>cpp;c;cxx;moc;h;def;odl;idl;res;</Extensions>
    </Filter>
    <Filter Include="Header Files">
      <UniqueIdentifier>{93995380-89BD-4b04-88EB-625FBE52EBFB}</UniqueIdentifier>
      <Extensions>h;hpp;hxx;hm;inl;inc;xsd</Extensions>
    </Filter>
    <Filter Include="Header Files">
      <UniqueIdentifier>{93995380-89BD-4b04-88EB-625FBE52EBFB}</UniqueIdentifier>
      <Extensions>h;hpp;hxx;hm;inl;inc;xsd</Extensions>
    </Filter>
    <Filter Include="Source Files">
      <UniqueIdentifier>{4FC737F1-C7A5-4376-A066-2A32D752A2FF}</UniqueIdentifier>
      <Extensions>cpp;c;cxx;def;odl;idl;hpj;bat;asm;asmx</Extensions>
    </Filter>
    <Filter Include="Source Files">
      <UniqueIdentifier>{4FC737F1-C7A5-4376-A066-2A32D752A2FF}</UniqueIdentifier>
      <Extensions>cpp;c;cxx;def;odl;idl;hpj;bat;asm;asmx</Extensions>
    </Filter>
    <Filter Include="Generated Files\Debug">
      <UniqueIdentifier>{ba5c7c39-accc-4ba0-bc18-bb00949ff8ac}</UniqueIdentifier>
      <Extensions>cpp;moc</Extensions>
      <SourceControlFiles>False</SourceControlFiles>
    </Filter>
    <Filter Include="Generated Files\Release">
      <UniqueIdentifier>{7a9f6a32-e053-49e3-a5ce-3caa7a55b11d}</UniqueIdentifier>
      <Extensions>cpp;moc</Extensions>
      <SourceControlFiles>False</SourceControlFiles>
    </Filter>
  </ItemGroup>
  <ItemGroup>
    <ClCompile Include="code\controller\actuator.cpp">
      <Filter>Source Files</Filter>
    </ClCompile>
    <ClCompile Include="code\gui\actuatorsetup.cpp">
      <Filter>Source Files</Filter>
    </ClCompile>
    <ClCompile Include="code\utility\clock_time.cpp">
      <Filter>Source Files</Filter>
    </ClCompile>
    <ClCompile Include="code\controller\controller.cpp">
      <Filter>Source Files</Filter>
    </ClCompile>
    <ClCompile Include="code\utility\logger.cpp">
      <Filter>Source Files</Filter>
    </ClCompile>
    <ClCompile Include="code\main.cpp">
      <Filter>Source Files</Filter>
    </ClCompile>
    <ClCompile Include="code\gui\mainwindow.cpp">
      <Filter>Source Files</Filter>
    </ClCompile>
    <ClCompile Include="third-party\qextserialenumerator.cpp">
      <Filter>Source Files</Filter>
    </ClCompile>
    <ClCompile Include="third-party\qextserialenumerator_win.cpp">
      <Filter>Source Files</Filter>
    </ClCompile>
    <ClCompile Include="third-party\qextserialport.cpp">
      <Filter>Source Files</Filter>
    </ClCompile>
    <ClCompile Include="third-party\qextserialport_win.cpp">
      <Filter>Source Files</Filter>
    </ClCompile>
    <ClCompile Include="Debug\moc_actuatorsetup.cpp">
      <Filter>Generated Files\Debug</Filter>
    </ClCompile>
    <ClCompile Include="Release\moc_actuatorsetup.cpp">
      <Filter>Generated Files\Release</Filter>
    </ClCompile>
    <ClCompile Include="Debug\moc_mainwindow.cpp">
      <Filter>Generated Files\Debug</Filter>
    </ClCompile>
    <ClCompile Include="Release\moc_mainwindow.cpp">
      <Filter>Generated Files\Release</Filter>
    </ClCompile>
    <ClCompile Include="Debug\moc_qextserialenumerator.cpp">
      <Filter>Generated Files\Debug</Filter>
    </ClCompile>
    <ClCompile Include="Release\moc_qextserialenumerator.cpp">
      <Filter>Generated Files\Release</Filter>
    </ClCompile>
    <ClCompile Include="Debug\moc_qextserialport.cpp">
      <Filter>Generated Files\Debug</Filter>
    </ClCompile>
    <ClCompile Include="Release\moc_qextserialport.cpp">
      <Filter>Generated Files\Release</Filter>
    </ClCompile>
  </ItemGroup>
  <ItemGroup>
    <ClInclude Include="code\controller\actuator.h">
      <Filter>Header Files</Filter>
    </ClInclude>
    <CustomBuild Include="code\gui\actuatorsetup.h">
      <Filter>Header Files</Filter>
    </CustomBuild>
    <ClInclude Include="code\utility\clock_time.h">
      <Filter>Header Files</Filter>
    </ClInclude>
    <ClInclude Include="code\controller\controller.h">
      <Filter>Header Files</Filter>
    </ClInclude>
    <ClInclude Include="code\utility\logger.h">
      <Filter>Header Files</Filter>
    </ClInclude>
    <CustomBuild Include="code\gui\mainwindow.h">
      <Filter>Header Files</Filter>
    </CustomBuild>
    <CustomBuild Include="third-party\qextserialenumerator.h">
      <Filter>Header Files</Filter>
    </CustomBuild>
    <ClInclude Include="third-party\qextserialenumerator_p.h">
      <Filter>Header Files</Filter>
    </ClInclude>
    <CustomBuild Include="third-party\qextserialport.h">
      <Filter>Header Files</Filter>
    </CustomBuild>
    <ClInclude Include="third-party\qextserialport_global.h">
      <Filter>Header Files</Filter>
    </ClInclude>
    <ClInclude Include="third-party\qextserialport_p.h">
      <Filter>Header Files</Filter>
    </ClInclude>
    <ClInclude Include="GeneratedFiles\ui_actuatorsetup.h">
      <Filter>Generated Files</Filter>
    </ClInclude>
    <ClInclude Include="GeneratedFiles\ui_mainwindow.h">
      <Filter>Generated Files</Filter>
    </ClInclude>
  </ItemGroup>
  <ItemGroup>
    <CustomBuild Include="code\gui\actuatorsetup.ui">
      <Filter>Form Files</Filter>
    </CustomBuild>
    <CustomBuild Include="code\gui\mainwindow.ui">
      <Filter>Form Files</Filter>
    </CustomBuild>
  </ItemGroup>
</Project>